
Microsoft Visual Studio Solution File, Format Version 12.00
# Visual Studio Version 17
VisualStudioVersion = 17.0.31903.59
MinimumVisualStudioVersion = 10.0.40219.1
Project("{FAE04EC0-301F-11D3-BF4B-00C04F79EFBC}") = "RestaurantManagementSystem", "RestaurantManagementSystem\RestaurantManagementSystem.csproj", "{6B8DC304-22B0-4A6D-8383-2C403FCE4728}"
EndProject
Global
	GlobalSection(SolutionConfigurationPlatforms) = preSolution
		Debug|Any CPU = Debug|Any CPU
		Release|Any CPU = Release|Any CPU
	EndGlobalSection
	GlobalSection(ProjectConfigurationPlatforms) = postSolution
		{6B8DC304-22B0-4A6D-8383-2C403FCE4728}.Debug|Any CPU.ActiveCfg = Debug|Any CPU
		{6B8DC304-22B0-4A6D-8383-2C403FCE4728}.Debug|Any CPU.Build.0 = Debug|Any CPU
		{6B8DC304-22B0-4A6D-8383-2C403FCE4728}.Release|Any CPU.ActiveCfg = Release|Any CPU
		{6B8DC304-22B0-4A6D-8383-2C403FCE4728}.Release|Any CPU.Build.0 = Release|Any CPU
	EndGlobalSection
	GlobalSection(SolutionProperties) = preSolution
		HideSolutionNode = FALSE
	EndGlobalSection
	GlobalSection(ExtensibilityGlobals) = postSolution
		SolutionGuid = {D5413CDD-EF9F-4DBB-BD71-CA55060261E6}
	EndGlobalSection
EndGlobal
